version = 5
schema = "cellscript-lock-v0.30-single-package-coordinate-v1"
resolver_model = "single-package-coordinate-v1"

[package]
edition = "2026"
name = "multisig"
version = "0.1.0"
source_hash = "fcfa155c8d64353a33db828a5ef1094c440e0803cc34b84383a6efb22191ae3f"
compiler_requirement = "*"
resolver_compiler_version = "0.26.0"

[root]
manifest_digest = "sha256:d109f09c75f68286d1e15c79ab1bf9ad64b261fc7fc43c2c2835578b4362c3e9"

[dependencies]
