version = 5
schema = "cellscript-lock-v0.30-single-package-coordinate-v1"
resolver_model = "single-package-coordinate-v1"

[package]
edition = "2026"
name = "token"
version = "0.1.0"
source_hash = "d5ecb3241eeb97983005b9622cbe7a9540cbdec133ec22105c07955f99c7b889"
compiler_requirement = "*"
resolver_compiler_version = "0.26.0"

[root]
manifest_digest = "sha256:3adaae2b8a70a8a49246c28c95a6bd3686fefaed383dfb598c7d35da2a2ad4f9"

[dependencies]
