version = 3
schema = "cellscript-lock-v0.24-graph-v1"

[package]
edition = "2026"
name = "atomic_swap"
version = "0.1.0"
source_hash = "3b00079d61ff85576ade83249847fa62bd43c9ddd60c0c5afa438ddda5e35f5b"

[root]
manifest_digest = "sha256:e2a638007970156136b60e89f4e93af2ffbf2eb9dfec16060159e2f687537f12"

[root.dependencies]
token = "token@0.1.0|path:../token|env=default|features=default"

[dependencies."token@0.1.0|path:../token|env=default|features=default"]
name = "token"
version = "0.1.0"
source_hash = "d5ecb3241eeb97983005b9622cbe7a9540cbdec133ec22105c07955f99c7b889"
manifest_digest = "sha256:3adaae2b8a70a8a49246c28c95a6bd3686fefaed383dfb598c7d35da2a2ad4f9"

[dependencies."token@0.1.0|path:../token|env=default|features=default".source.Path]
path = "../token"
